{
  "object": {
    "pins": [
      {
        "package": "Alamofire",
        "repositoryURL": "https://github.com/Alamofire/Alamofire.git",
        "state": {
          "branch": null,
          "revision": "513364f870f6bfc468f9d2ff0a95caccc10044c5",
          "version": "5.10.2"
        }
      },
      {
        "package": "DataDomeSDK",
        "repositoryURL": "https://github.com/DataDome/datadome-ios-package",
        "state": {
          "branch": null,
          "revision": "8db7f26fd112449f3fe40c5cd1b104c2f951ee24",
          "version": "3.8.0"
        }
      }
    ]
  },
  "version": 1
}
