{
  "object": {
    "pins": [
      {
        "package": "Alamofire",
        "repositoryURL": "https://github.com/Alamofire/Alamofire.git",
        "state": {
          "branch": null,
          "revision": "513364f870f6bfc468f9d2ff0a95caccc10044c5",
          "version": "5.10.2"
        }
      },
      {
        "package": "DataDomeSDK",
        "repositoryURL": "https://github.com/DataDome/datadome-ios-package",
        "state": {
          "branch": null,
          "revision": "b3415f60cda6292126e462a4063aea5d11bba544",
          "version": "3.8.4"
        }
      }
    ]
  },
  "version": 1
}
