{
  "originHash" : "f8d6f37b5b45da834abda43d31708128ee801a9d7404593dd1175a1db7a397fb",
  "pins" : [
    {
      "identity" : "alamofire",
      "kind" : "remoteSourceControl",
      "location" : "https://github.com/Alamofire/Alamofire.git",
      "state" : {
        "revision" : "513364f870f6bfc468f9d2ff0a95caccc10044c5",
        "version" : "5.10.2"
      }
    },
    {
      "identity" : "mobile-package-ios-coredatadome",
      "kind" : "remoteSourceControl",
      "location" : "git@github.com:DataDome/mobile-package-ios-coredatadome.git",
      "state" : {
        "revision" : "b299741f2e113f247980ff1cd843bdd711498955",
        "version" : "0.6.1"
      }
    }
  ],
  "version" : 3
}
