{
  "originHash" : "5fda99bf045d0f5fadca0ceae20fcf68e7670e1497893903d7b485ed9c737720",
  "pins" : [
    {
      "identity" : "alamofire",
      "kind" : "remoteSourceControl",
      "location" : "https://github.com/Alamofire/Alamofire.git",
      "state" : {
        "revision" : "7595cbcf59809f9977c5f6378500de2ad73b7ddb",
        "version" : "5.12.0"
      }
    },
    {
      "identity" : "mobile-package-ios-coredatadome",
      "kind" : "remoteSourceControl",
      "location" : "git@github.com:DataDome/mobile-package-ios-coredatadome.git",
      "state" : {
        "revision" : "71905b7ce6815ddaeb6b316597e8df37900c47db",
        "version" : "1.0.0"
      }
    }
  ],
  "version" : 3
}
